
Microsoft Visual Studio Solution File, Format Version 12.00
# Visual Studio Version 17
VisualStudioVersion = 17.1.32328.378
MinimumVisualStudioVersion = 10.0.40219.1
Project("{FAE04EC0-301F-11D3-BF4B-00C04F79EFBC}") = "CalculadoraFiguras", "CalculadoraFiguras\CalculadoraFiguras.csproj", "{2B748472-F0DB-4949-8909-9049760099E7}"
EndProject
Global
	GlobalSection(SolutionConfigurationPlatforms) = preSolution
		Debug|Any CPU = Debug|Any CPU
		Release|Any CPU = Release|Any CPU
	EndGlobalSection
	GlobalSection(ProjectConfigurationPlatforms) = postSolution
		{2B748472-F0DB-4949-8909-9049760099E7}.Debug|Any CPU.ActiveCfg = Debug|Any CPU
		{2B748472-F0DB-4949-8909-9049760099E7}.Debug|Any CPU.Build.0 = Debug|Any CPU
		{2B748472-F0DB-4949-8909-9049760099E7}.Release|Any CPU.ActiveCfg = Release|Any CPU
		{2B748472-F0DB-4949-8909-9049760099E7}.Release|Any CPU.Build.0 = Release|Any CPU
	EndGlobalSection
	GlobalSection(SolutionProperties) = preSolution
		HideSolutionNode = FALSE
	EndGlobalSection
	GlobalSection(ExtensibilityGlobals) = postSolution
		SolutionGuid = {3A522704-8B88-4159-AD91-2263D8D9B91B}
	EndGlobalSection
EndGlobal
